
Microsoft Visual Studio Solution File, Format Version 12.00
# Visual Studio Version 17
VisualStudioVersion = 17.7.34031.279
MinimumVisualStudioVersion = 10.0.40219.1
Project("{FAE04EC0-301F-11D3-BF4B-00C04F79EFBC}") = "ProniaProject", "ProniaProject\ProniaProject.csproj", "{B7B57E42-59E6-4F13-9CF8-70DAD52A2A89}"
EndProject
Global
	GlobalSection(SolutionConfigurationPlatforms) = preSolution
		Debug|Any CPU = Debug|Any CPU
		Release|Any CPU = Release|Any CPU
	EndGlobalSection
	GlobalSection(ProjectConfigurationPlatforms) = postSolution
		{B7B57E42-59E6-4F13-9CF8-70DAD52A2A89}.Debug|Any CPU.ActiveCfg = Debug|Any CPU
		{B7B57E42-59E6-4F13-9CF8-70DAD52A2A89}.Debug|Any CPU.Build.0 = Debug|Any CPU
		{B7B57E42-59E6-4F13-9CF8-70DAD52A2A89}.Release|Any CPU.ActiveCfg = Release|Any CPU
		{B7B57E42-59E6-4F13-9CF8-70DAD52A2A89}.Release|Any CPU.Build.0 = Release|Any CPU
	EndGlobalSection
	GlobalSection(SolutionProperties) = preSolution
		HideSolutionNode = FALSE
	EndGlobalSection
	GlobalSection(ExtensibilityGlobals) = postSolution
		SolutionGuid = {EC357551-C6DF-4CC2-9127-D572D1557492}
	EndGlobalSection
EndGlobal
